
Microsoft Visual Studio Solution File, Format Version 12.00
# Visual Studio Version 17
VisualStudioVersion = 17.6.33723.286
MinimumVisualStudioVersion = 10.0.40219.1
Project("{FAE04EC0-301F-11D3-BF4B-00C04F79EFBC}") = "FutureDigitalCraftPOS", "FutureDigitalCraftPOS\FutureDigitalCraftPOS.csproj", "{B6DB0DFB-D0D3-42BA-A76B-87A79D6E5820}"
EndProject
Global
	GlobalSection(SolutionConfigurationPlatforms) = preSolution
		Debug|Any CPU = Debug|Any CPU
		Release|Any CPU = Release|Any CPU
	EndGlobalSection
	GlobalSection(ProjectConfigurationPlatforms) = postSolution
		{B6DB0DFB-D0D3-42BA-A76B-87A79D6E5820}.Debug|Any CPU.ActiveCfg = Debug|Any CPU
		{B6DB0DFB-D0D3-42BA-A76B-87A79D6E5820}.Debug|Any CPU.Build.0 = Debug|Any CPU
		{B6DB0DFB-D0D3-42BA-A76B-87A79D6E5820}.Release|Any CPU.ActiveCfg = Release|Any CPU
		{B6DB0DFB-D0D3-42BA-A76B-87A79D6E5820}.Release|Any CPU.Build.0 = Release|Any CPU
	EndGlobalSection
	GlobalSection(SolutionProperties) = preSolution
		HideSolutionNode = FALSE
	EndGlobalSection
	GlobalSection(ExtensibilityGlobals) = postSolution
		SolutionGuid = {650CE76C-EFA5-494F-BDF7-7F816C5105C4}
	EndGlobalSection
EndGlobal
